
Microsoft Visual Studio Solution File, Format Version 12.00
# Visual Studio Version 16
VisualStudioVersion = 16.0.30907.101
MinimumVisualStudioVersion = 10.0.40219.1
Project("{FAE04EC0-301F-11D3-BF4B-00C04F79EFBC}") = "SpotifyApp", "SpotifyApp\SpotifyApp.csproj", "{43272B1B-D8F5-4A78-933D-DD498B01FB67}"
EndProject
Global
	GlobalSection(SolutionConfigurationPlatforms) = preSolution
		Debug|Any CPU = Debug|Any CPU
		Release|Any CPU = Release|Any CPU
	EndGlobalSection
	GlobalSection(ProjectConfigurationPlatforms) = postSolution
		{43272B1B-D8F5-4A78-933D-DD498B01FB67}.Debug|Any CPU.ActiveCfg = Debug|Any CPU
		{43272B1B-D8F5-4A78-933D-DD498B01FB67}.Debug|Any CPU.Build.0 = Debug|Any CPU
		{43272B1B-D8F5-4A78-933D-DD498B01FB67}.Release|Any CPU.ActiveCfg = Release|Any CPU
		{43272B1B-D8F5-4A78-933D-DD498B01FB67}.Release|Any CPU.Build.0 = Release|Any CPU
	EndGlobalSection
	GlobalSection(SolutionProperties) = preSolution
		HideSolutionNode = FALSE
	EndGlobalSection
	GlobalSection(ExtensibilityGlobals) = postSolution
		SolutionGuid = {5279B3A6-A266-40DC-AD95-E7F449EC0906}
	EndGlobalSection
EndGlobal
